// !$*UTF8*$!
{
	archiveVersion = 1;
	classes = {
	};
	objectVersion = 56;
	objects = {

/* Begin PBXBuildFile section */
		6C2740492C7D8DE4000C3BEB /* SliderScreenController.swift in Sources */ = {isa = PBXBuildFile; fileRef = 6C2740482C7D8DE4000C3BEB /* SliderScreenController.swift */; };
		6C27404B2C7D8DF3000C3BEB /* SliderScreenInteractor.swift in Sources */ = {isa = PBXBuildFile; fileRef = 6C27404A2C7D8DF3000C3BEB /* SliderScreenInteractor.swift */; };
		6C27404D2C7D8DFB000C3BEB /* SliderScreenPresenter.swift in Sources */ = {isa = PBXBuildFile; fileRef = 6C27404C2C7D8DFB000C3BEB /* SliderScreenPresenter.swift */; };
		6C27404F2C7D8E03000C3BEB /* SliderScreenEntity.swift in Sources */ = {isa = PBXBuildFile; fileRef = 6C27404E2C7D8E03000C3BEB /* SliderScreenEntity.swift */; };
		6C2740512C7D8E0B000C3BEB /* SliderScreenRouter.swift in Sources */ = {isa = PBXBuildFile; fileRef = 6C2740502C7D8E0B000C3BEB /* SliderScreenRouter.swift */; };
		6C2740582C7D8EE4000C3BEB /* SliderScreenProtocols.swift in Sources */ = {isa = PBXBuildFile; fileRef = 6C2740572C7D8EE4000C3BEB /* SliderScreenProtocols.swift */; };
		6C338B6F2C7D7A7B00E182D2 /* AppDelegate.swift in Sources */ = {isa = PBXBuildFile; fileRef = 6C338B6E2C7D7A7B00E182D2 /* AppDelegate.swift */; };
		6C338B712C7D7A7B00E182D2 /* SceneDelegate.swift in Sources */ = {isa = PBXBuildFile; fileRef = 6C338B702C7D7A7B00E182D2 /* SceneDelegate.swift */; };
		6C338B762C7D7A7B00E182D2 /* Base in Resources */ = {isa = PBXBuildFile; fileRef = 6C338B752C7D7A7B00E182D2 /* Base */; };
		6C338B782C7D7A7C00E182D2 /* Assets.xcassets in Resources */ = {isa = PBXBuildFile; fileRef = 6C338B772C7D7A7C00E182D2 /* Assets.xcassets */; };
		6C338B7B2C7D7A7C00E182D2 /* Base in Resources */ = {isa = PBXBuildFile; fileRef = 6C338B7A2C7D7A7C00E182D2 /* Base */; };
		6C338B862C7D7A7D00E182D2 /* AirportFinderTests.swift in Sources */ = {isa = PBXBuildFile; fileRef = 6C338B852C7D7A7D00E182D2 /* AirportFinderTests.swift */; };
		6C338B902C7D7A7D00E182D2 /* AirportFinderUITests.swift in Sources */ = {isa = PBXBuildFile; fileRef = 6C338B8F2C7D7A7D00E182D2 /* AirportFinderUITests.swift */; };
		6C338B922C7D7A7D00E182D2 /* AirportFinderUITestsLaunchTests.swift in Sources */ = {isa = PBXBuildFile; fileRef = 6C338B912C7D7A7D00E182D2 /* AirportFinderUITestsLaunchTests.swift */; };
/* End PBXBuildFile section */

/* Begin PBXContainerItemProxy section */
		6C338B822C7D7A7D00E182D2 /* PBXContainerItemProxy */ = {
			isa = PBXContainerItemProxy;
			containerPortal = 6C338B632C7D7A7B00E182D2 /* Project object */;
			proxyType = 1;
			remoteGlobalIDString = 6C338B6A2C7D7A7B00E182D2;
			remoteInfo = AirportFinder;
		};
		6C338B8C2C7D7A7D00E182D2 /* PBXContainerItemProxy */ = {
			isa = PBXContainerItemProxy;
			containerPortal = 6C338B632C7D7A7B00E182D2 /* Project object */;
			proxyType = 1;
			remoteGlobalIDString = 6C338B6A2C7D7A7B00E182D2;
			remoteInfo = AirportFinder;
		};
/* End PBXContainerItemProxy section */

/* Begin PBXFileReference section */
		6C2740482C7D8DE4000C3BEB /* SliderScreenController.swift */ = {isa = PBXFileReference; fileEncoding = 4; lastKnownFileType = sourcecode.swift; path = SliderScreenController.swift; sourceTree = "<group>"; };
		6C27404A2C7D8DF3000C3BEB /* SliderScreenInteractor.swift */ = {isa = PBXFileReference; fileEncoding = 4; lastKnownFileType = sourcecode.swift; path = SliderScreenInteractor.swift; sourceTree = "<group>"; };
		6C27404C2C7D8DFB000C3BEB /* SliderScreenPresenter.swift */ = {isa = PBXFileReference; fileEncoding = 4; lastKnownFileType = sourcecode.swift; path = SliderScreenPresenter.swift; sourceTree = "<group>"; };
		6C27404E2C7D8E03000C3BEB /* SliderScreenEntity.swift */ = {isa = PBXFileReference; fileEncoding = 4; lastKnownFileType = sourcecode.swift; path = SliderScreenEntity.swift; sourceTree = "<group>"; };
		6C2740502C7D8E0B000C3BEB /* SliderScreenRouter.swift */ = {isa = PBXFileReference; fileEncoding = 4; lastKnownFileType = sourcecode.swift; path = SliderScreenRouter.swift; sourceTree = "<group>"; };
		6C2740572C7D8EE4000C3BEB /* SliderScreenProtocols.swift */ = {isa = PBXFileReference; lastKnownFileType = sourcecode.swift; path = SliderScreenProtocols.swift; sourceTree = "<group>"; };
		6C338B6B2C7D7A7B00E182D2 /* AirportFinder.app */ = {isa = PBXFileReference; explicitFileType = wrapper.application; includeInIndex = 0; path = AirportFinder.app; sourceTree = BUILT_PRODUCTS_DIR; };
		6C338B6E2C7D7A7B00E182D2 /* AppDelegate.swift */ = {isa = PBXFileReference; lastKnownFileType = sourcecode.swift; path = AppDelegate.swift; sourceTree = "<group>"; };
		6C338B702C7D7A7B00E182D2 /* SceneDelegate.swift */ = {isa = PBXFileReference; lastKnownFileType = sourcecode.swift; path = SceneDelegate.swift; sourceTree = "<group>"; };
		6C338B752C7D7A7B00E182D2 /* Base */ = {isa = PBXFileReference; lastKnownFileType = file.storyboard; name = Base; path = Base.lproj/SliderScreen.storyboard; sourceTree = "<group>"; };
		6C338B772C7D7A7C00E182D2 /* Assets.xcassets */ = {isa = PBXFileReference; lastKnownFileType = folder.assetcatalog; path = Assets.xcassets; sourceTree = "<group>"; };
		6C338B7A2C7D7A7C00E182D2 /* Base */ = {isa = PBXFileReference; lastKnownFileType = file.storyboard; name = Base; path = Base.lproj/LaunchScreen.storyboard; sourceTree = "<group>"; };
		6C338B7C2C7D7A7C00E182D2 /* Info.plist */ = {isa = PBXFileReference; lastKnownFileType = text.plist.xml; path = Info.plist; sourceTree = "<group>"; };
		6C338B812C7D7A7D00E182D2 /* AirportFinderTests.xctest */ = {isa = PBXFileReference; explicitFileType = wrapper.cfbundle; includeInIndex = 0; path = AirportFinderTests.xctest; sourceTree = BUILT_PRODUCTS_DIR; };
		6C338B852C7D7A7D00E182D2 /* AirportFinderTests.swift */ = {isa = PBXFileReference; lastKnownFileType = sourcecode.swift; path = AirportFinderTests.swift; sourceTree = "<group>"; };
		6C338B8B2C7D7A7D00E182D2 /* AirportFinderUITests.xctest */ = {isa = PBXFileReference; explicitFileType = wrapper.cfbundle; includeInIndex = 0; path = AirportFinderUITests.xctest; sourceTree = BUILT_PRODUCTS_DIR; };
		6C338B8F2C7D7A7D00E182D2 /* AirportFinderUITests.swift */ = {isa = PBXFileReference; lastKnownFileType = sourcecode.swift; path = AirportFinderUITests.swift; sourceTree = "<group>"; };
		6C338B912C7D7A7D00E182D2 /* AirportFinderUITestsLaunchTests.swift */ = {isa = PBXFileReference; lastKnownFileType = sourcecode.swift; path = AirportFinderUITestsLaunchTests.swift; sourceTree = "<group>"; };
/* End PBXFileReference section */

/* Begin PBXFrameworksBuildPhase section */
		6C338B682C7D7A7B00E182D2 /* Frameworks */ = {
			isa = PBXFrameworksBuildPhase;
			buildActionMask = 2147483647;
			files = (
			);
			runOnlyForDeploymentPostprocessing = 0;
		};
		6C338B7E2C7D7A7D00E182D2 /* Frameworks */ = {
			isa = PBXFrameworksBuildPhase;
			buildActionMask = 2147483647;
			files = (
			);
			runOnlyForDeploymentPostprocessing = 0;
		};
		6C338B882C7D7A7D00E182D2 /* Frameworks */ = {
			isa = PBXFrameworksBuildPhase;
			buildActionMask = 2147483647;
			files = (
			);
			runOnlyForDeploymentPostprocessing = 0;
		};
/* End PBXFrameworksBuildPhase section */

/* Begin PBXGroup section */
		6C2740412C7D8D00000C3BEB /* SliderScreen */ = {
			isa = PBXGroup;
			children = (
				6C2740422C7D8D0C000C3BEB /* View */,
				6C2740432C7D8D1C000C3BEB /* Interactor */,
				6C2740442C7D8D34000C3BEB /* Presenter */,
				6C2740462C7D8D4B000C3BEB /* Entity */,
				6C2740472C7D8D5D000C3BEB /* Router */,
				6C2740542C7D8E41000C3BEB /* Protocols */,
			);
			path = SliderScreen;
			sourceTree = "<group>";
		};
		6C2740422C7D8D0C000C3BEB /* View */ = {
			isa = PBXGroup;
			children = (
				6C338B742C7D7A7B00E182D2 /* SliderScreen.storyboard */,
				6C2740482C7D8DE4000C3BEB /* SliderScreenController.swift */,
			);
			path = View;
			sourceTree = "<group>";
		};
		6C2740432C7D8D1C000C3BEB /* Interactor */ = {
			isa = PBXGroup;
			children = (
				6C27404A2C7D8DF3000C3BEB /* SliderScreenInteractor.swift */,
			);
			path = Interactor;
			sourceTree = "<group>";
		};
		6C2740442C7D8D34000C3BEB /* Presenter */ = {
			isa = PBXGroup;
			children = (
				6C27404C2C7D8DFB000C3BEB /* SliderScreenPresenter.swift */,
			);
			path = Presenter;
			sourceTree = "<group>";
		};
		6C2740462C7D8D4B000C3BEB /* Entity */ = {
			isa = PBXGroup;
			children = (
				6C27404E2C7D8E03000C3BEB /* SliderScreenEntity.swift */,
			);
			path = Entity;
			sourceTree = "<group>";
		};
		6C2740472C7D8D5D000C3BEB /* Router */ = {
			isa = PBXGroup;
			children = (
				6C2740502C7D8E0B000C3BEB /* SliderScreenRouter.swift */,
			);
			path = Router;
			sourceTree = "<group>";
		};
		6C2740542C7D8E41000C3BEB /* Protocols */ = {
			isa = PBXGroup;
			children = (
				6C2740572C7D8EE4000C3BEB /* SliderScreenProtocols.swift */,
			);
			path = Protocols;
			sourceTree = "<group>";
		};
		6C338B622C7D7A7B00E182D2 = {
			isa = PBXGroup;
			children = (
				6C338B6D2C7D7A7B00E182D2 /* AirportFinder */,
				6C338B842C7D7A7D00E182D2 /* AirportFinderTests */,
				6C338B8E2C7D7A7D00E182D2 /* AirportFinderUITests */,
				6C338B6C2C7D7A7B00E182D2 /* Products */,
			);
			sourceTree = "<group>";
		};
		6C338B6C2C7D7A7B00E182D2 /* Products */ = {
			isa = PBXGroup;
			children = (
				6C338B6B2C7D7A7B00E182D2 /* AirportFinder.app */,
				6C338B812C7D7A7D00E182D2 /* AirportFinderTests.xctest */,
				6C338B8B2C7D7A7D00E182D2 /* AirportFinderUITests.xctest */,
			);
			name = Products;
			sourceTree = "<group>";
		};
		6C338B6D2C7D7A7B00E182D2 /* AirportFinder */ = {
			isa = PBXGroup;
			children = (
				6C338B6E2C7D7A7B00E182D2 /* AppDelegate.swift */,
				6C338B702C7D7A7B00E182D2 /* SceneDelegate.swift */,
				6C2740412C7D8D00000C3BEB /* SliderScreen */,
				6C338B772C7D7A7C00E182D2 /* Assets.xcassets */,
				6C338B792C7D7A7C00E182D2 /* LaunchScreen.storyboard */,
				6C338B7C2C7D7A7C00E182D2 /* Info.plist */,
			);
			path = AirportFinder;
			sourceTree = "<group>";
		};
		6C338B842C7D7A7D00E182D2 /* AirportFinderTests */ = {
			isa = PBXGroup;
			children = (
				6C338B852C7D7A7D00E182D2 /* AirportFinderTests.swift */,
			);
			path = AirportFinderTests;
			sourceTree = "<group>";
		};
		6C338B8E2C7D7A7D00E182D2 /* AirportFinderUITests */ = {
			isa = PBXGroup;
			children = (
				6C338B8F2C7D7A7D00E182D2 /* AirportFinderUITests.swift */,
				6C338B912C7D7A7D00E182D2 /* AirportFinderUITestsLaunchTests.swift */,
			);
			path = AirportFinderUITests;
			sourceTree = "<group>";
		};
/* End PBXGroup section */

/* Begin PBXNativeTarget section */
		6C338B6A2C7D7A7B00E182D2 /* AirportFinder */ = {
			isa = PBXNativeTarget;
			buildConfigurationList = 6C338B952C7D7A7D00E182D2 /* Build configuration list for PBXNativeTarget "AirportFinder" */;
			buildPhases = (
				6C338B672C7D7A7B00E182D2 /* Sources */,
				6C338B682C7D7A7B00E182D2 /* Frameworks */,
				6C338B692C7D7A7B00E182D2 /* Resources */,
			);
			buildRules = (
			);
			dependencies = (
			);
			name = AirportFinder;
			productName = AirportFinder;
			productReference = 6C338B6B2C7D7A7B00E182D2 /* AirportFinder.app */;
			productType = "com.apple.product-type.application";
		};
		6C338B802C7D7A7D00E182D2 /* AirportFinderTests */ = {
			isa = PBXNativeTarget;
			buildConfigurationList = 6C338B982C7D7A7D00E182D2 /* Build configuration list for PBXNativeTarget "AirportFinderTests" */;
			buildPhases = (
				6C338B7D2C7D7A7D00E182D2 /* Sources */,
				6C338B7E2C7D7A7D00E182D2 /* Frameworks */,
				6C338B7F2C7D7A7D00E182D2 /* Resources */,
			);
			buildRules = (
			);
			dependencies = (
				6C338B832C7D7A7D00E182D2 /* PBXTargetDependency */,
			);
			name = AirportFinderTests;
			productName = AirportFinderTests;
			productReference = 6C338B812C7D7A7D00E182D2 /* AirportFinderTests.xctest */;
			productType = "com.apple.product-type.bundle.unit-test";
		};
		6C338B8A2C7D7A7D00E182D2 /* AirportFinderUITests */ = {
			isa = PBXNativeTarget;
			buildConfigurationList = 6C338B9B2C7D7A7D00E182D2 /* Build configuration list for PBXNativeTarget "AirportFinderUITests" */;
			buildPhases = (
				6C338B872C7D7A7D00E182D2 /* Sources */,
				6C338B882C7D7A7D00E182D2 /* Frameworks */,
				6C338B892C7D7A7D00E182D2 /* Resources */,
			);
			buildRules = (
			);
			dependencies = (
				6C338B8D2C7D7A7D00E182D2 /* PBXTargetDependency */,
			);
			name = AirportFinderUITests;
			productName = AirportFinderUITests;
			productReference = 6C338B8B2C7D7A7D00E182D2 /* AirportFinderUITests.xctest */;
			productType = "com.apple.product-type.bundle.ui-testing";
		};
/* End PBXNativeTarget section */

/* Begin PBXProject section */
		6C338B632C7D7A7B00E182D2 /* Project object */ = {
			isa = PBXProject;
			attributes = {
				BuildIndependentTargetsInParallel = 1;
				LastSwiftUpdateCheck = 1540;
				LastUpgradeCheck = 1540;
				TargetAttributes = {
					6C338B6A2C7D7A7B00E182D2 = {
						CreatedOnToolsVersion = 15.4;
					};
					6C338B802C7D7A7D00E182D2 = {
						CreatedOnToolsVersion = 15.4;
						TestTargetID = 6C338B6A2C7D7A7B00E182D2;
					};
					6C338B8A2C7D7A7D00E182D2 = {
						CreatedOnToolsVersion = 15.4;
						TestTargetID = 6C338B6A2C7D7A7B00E182D2;
					};
				};
			};
			buildConfigurationList = 6C338B662C7D7A7B00E182D2 /* Build configuration list for PBXProject "AirportFinder" */;
			compatibilityVersion = "Xcode 14.0";
			developmentRegion = en;
			hasScannedForEncodings = 0;
			knownRegions = (
				en,
				Base,
			);
			mainGroup = 6C338B622C7D7A7B00E182D2;
			productRefGroup = 6C338B6C2C7D7A7B00E182D2 /* Products */;
			projectDirPath = "";
			projectRoot = "";
			targets = (
				6C338B6A2C7D7A7B00E182D2 /* AirportFinder */,
				6C338B802C7D7A7D00E182D2 /* AirportFinderTests */,
				6C338B8A2C7D7A7D00E182D2 /* AirportFinderUITests */,
			);
		};
/* End PBXProject section */

/* Begin PBXResourcesBuildPhase section */
		6C338B692C7D7A7B00E182D2 /* Resources */ = {
			isa = PBXResourcesBuildPhase;
			buildActionMask = 2147483647;
			files = (
				6C338B782C7D7A7C00E182D2 /* Assets.xcassets in Resources */,
				6C338B7B2C7D7A7C00E182D2 /* Base in Resources */,
				6C338B762C7D7A7B00E182D2 /* Base in Resources */,
			);
			runOnlyForDeploymentPostprocessing = 0;
		};
		6C338B7F2C7D7A7D00E182D2 /* Resources */ = {
			isa = PBXResourcesBuildPhase;
			buildActionMask = 2147483647;
			files = (
			);
			runOnlyForDeploymentPostprocessing = 0;
		};
		6C338B892C7D7A7D00E182D2 /* Resources */ = {
			isa = PBXResourcesBuildPhase;
			buildActionMask = 2147483647;
			files = (
			);
			runOnlyForDeploymentPostprocessing = 0;
		};
/* End PBXResourcesBuildPhase section */

/* Begin PBXSourcesBuildPhase section */
		6C338B672C7D7A7B00E182D2 /* Sources */ = {
			isa = PBXSourcesBuildPhase;
			buildActionMask = 2147483647;
			files = (
				6C2740582C7D8EE4000C3BEB /* SliderScreenProtocols.swift in Sources */,
				6C338B6F2C7D7A7B00E182D2 /* AppDelegate.swift in Sources */,
				6C2740492C7D8DE4000C3BEB /* SliderScreenController.swift in Sources */,
				6C27404B2C7D8DF3000C3BEB /* SliderScreenInteractor.swift in Sources */,
				6C27404F2C7D8E03000C3BEB /* SliderScreenEntity.swift in Sources */,
				6C338B712C7D7A7B00E182D2 /* SceneDelegate.swift in Sources */,
				6C27404D2C7D8DFB000C3BEB /* SliderScreenPresenter.swift in Sources */,
				6C2740512C7D8E0B000C3BEB /* SliderScreenRouter.swift in Sources */,
			);
			runOnlyForDeploymentPostprocessing = 0;
		};
		6C338B7D2C7D7A7D00E182D2 /* Sources */ = {
			isa = PBXSourcesBuildPhase;
			buildActionMask = 2147483647;
			files = (
				6C338B862C7D7A7D00E182D2 /* AirportFinderTests.swift in Sources */,
			);
			runOnlyForDeploymentPostprocessing = 0;
		};
		6C338B872C7D7A7D00E182D2 /* Sources */ = {
			isa = PBXSourcesBuildPhase;
			buildActionMask = 2147483647;
			files = (
				6C338B922C7D7A7D00E182D2 /* AirportFinderUITestsLaunchTests.swift in Sources */,
				6C338B902C7D7A7D00E182D2 /* AirportFinderUITests.swift in Sources */,
			);
			runOnlyForDeploymentPostprocessing = 0;
		};
/* End PBXSourcesBuildPhase section */

/* Begin PBXTargetDependency section */
		6C338B832C7D7A7D00E182D2 /* PBXTargetDependency */ = {
			isa = PBXTargetDependency;
			target = 6C338B6A2C7D7A7B00E182D2 /* AirportFinder */;
			targetProxy = 6C338B822C7D7A7D00E182D2 /* PBXContainerItemProxy */;
		};
		6C338B8D2C7D7A7D00E182D2 /* PBXTargetDependency */ = {
			isa = PBXTargetDependency;
			target = 6C338B6A2C7D7A7B00E182D2 /* AirportFinder */;
			targetProxy = 6C338B8C2C7D7A7D00E182D2 /* PBXContainerItemProxy */;
		};
/* End PBXTargetDependency section */

/* Begin PBXVariantGroup section */
		6C338B742C7D7A7B00E182D2 /* SliderScreen.storyboard */ = {
			isa = PBXVariantGroup;
			children = (
				6C338B752C7D7A7B00E182D2 /* Base */,
			);
			name = SliderScreen.storyboard;
			sourceTree = "<group>";
		};
		6C338B792C7D7A7C00E182D2 /* LaunchScreen.storyboard */ = {
			isa = PBXVariantGroup;
			children = (
				6C338B7A2C7D7A7C00E182D2 /* Base */,
			);
			name = LaunchScreen.storyboard;
			sourceTree = "<group>";
		};
/* End PBXVariantGroup section */

/* Begin XCBuildConfiguration section */
		6C338B932C7D7A7D00E182D2 /* Debug */ = {
			isa = XCBuildConfiguration;
			buildSettings = {
				ALWAYS_SEARCH_USER_PATHS = NO;
				ASSETCATALOG_COMPILER_GENERATE_SWIFT_ASSET_SYMBOL_EXTENSIONS = YES;
				CLANG_ANALYZER_NONNULL = YES;
				CLANG_ANALYZER_NUMBER_OBJECT_CONVERSION = YES_AGGRESSIVE;
				CLANG_CXX_LANGUAGE_STANDARD = "gnu++20";
				CLANG_ENABLE_MODULES = YES;
				CLANG_ENABLE_OBJC_ARC = YES;
				CLANG_ENABLE_OBJC_WEAK = YES;
				CLANG_WARN_BLOCK_CAPTURE_AUTORELEASING = YES;
				CLANG_WARN_BOOL_CONVERSION = YES;
				CLANG_WARN_COMMA = YES;
				CLANG_WARN_CONSTANT_CONVERSION = YES;
				CLANG_WARN_DEPRECATED_OBJC_IMPLEMENTATIONS = YES;
				CLANG_WARN_DIRECT_OBJC_ISA_USAGE = YES_ERROR;
				CLANG_WARN_DOCUMENTATION_COMMENTS = YES;
				CLANG_WARN_EMPTY_BODY = YES;
				CLANG_WARN_ENUM_CONVERSION = YES;
				CLANG_WARN_INFINITE_RECURSION = YES;
				CLANG_WARN_INT_CONVERSION = YES;
				CLANG_WARN_NON_LITERAL_NULL_CONVERSION = YES;
				CLANG_WARN_OBJC_IMPLICIT_RETAIN_SELF = YES;
				CLANG_WARN_OBJC_LITERAL_CONVERSION = YES;
				CLANG_WARN_OBJC_ROOT_CLASS = YES_ERROR;
				CLANG_WARN_QUOTED_INCLUDE_IN_FRAMEWORK_HEADER = YES;
				CLANG_WARN_RANGE_LOOP_ANALYSIS = YES;
				CLANG_WARN_STRICT_PROTOTYPES = YES;
				CLANG_WARN_SUSPICIOUS_MOVE = YES;
				CLANG_WARN_UNGUARDED_AVAILABILITY = YES_AGGRESSIVE;
				CLANG_WARN_UNREACHABLE_CODE = YES;
				CLANG_WARN__DUPLICATE_METHOD_MATCH = YES;
				COPY_PHASE_STRIP = NO;
				DEBUG_INFORMATION_FORMAT = dwarf;
				ENABLE_STRICT_OBJC_MSGSEND = YES;
				ENABLE_TESTABILITY = YES;
				ENABLE_USER_SCRIPT_SANDBOXING = YES;
				GCC_C_LANGUAGE_STANDARD = gnu17;
				GCC_DYNAMIC_NO_PIC = NO;
				GCC_NO_COMMON_BLOCKS = YES;
				GCC_OPTIMIZATION_LEVEL = 0;
				GCC_PREPROCESSOR_DEFINITIONS = (
					"DEBUG=1",
					"$(inherited)",
				);
				GCC_WARN_64_TO_32_BIT_CONVERSION = YES;
				GCC_WARN_ABOUT_RETURN_TYPE = YES_ERROR;
				GCC_WARN_UNDECLARED_SELECTOR = YES;
				GCC_WARN_UNINITIALIZED_AUTOS = YES_AGGRESSIVE;
				GCC_WARN_UNUSED_FUNCTION = YES;
				GCC_WARN_UNUSED_VARIABLE = YES;
				IPHONEOS_DEPLOYMENT_TARGET = 17.5;
				LOCALIZATION_PREFERS_STRING_CATALOGS = YES;
				MTL_ENABLE_DEBUG_INFO = INCLUDE_SOURCE;
				MTL_FAST_MATH = YES;
				ONLY_ACTIVE_ARCH = YES;
				SDKROOT = iphoneos;
				SWIFT_ACTIVE_COMPILATION_CONDITIONS = "DEBUG $(inherited)";
				SWIFT_OPTIMIZATION_LEVEL = "-Onone";
			};
			name = Debug;
		};
		6C338B942C7D7A7D00E182D2 /* Release */ = {
			isa = XCBuildConfiguration;
			buildSettings = {
				ALWAYS_SEARCH_USER_PATHS = NO;
				ASSETCATALOG_COMPILER_GENERATE_SWIFT_ASSET_SYMBOL_EXTENSIONS = YES;
				CLANG_ANALYZER_NONNULL = YES;
				CLANG_ANALYZER_NUMBER_OBJECT_CONVERSION = YES_AGGRESSIVE;
				CLANG_CXX_LANGUAGE_STANDARD = "gnu++20";
				CLANG_ENABLE_MODULES = YES;
				CLANG_ENABLE_OBJC_ARC = YES;
				CLANG_ENABLE_OBJC_WEAK = YES;
				CLANG_WARN_BLOCK_CAPTURE_AUTORELEASING = YES;
				CLANG_WARN_BOOL_CONVERSION = YES;
				CLANG_WARN_COMMA = YES;
				CLANG_WARN_CONSTANT_CONVERSION = YES;
				CLANG_WARN_DEPRECATED_OBJC_IMPLEMENTATIONS = YES;
				CLANG_WARN_DIRECT_OBJC_ISA_USAGE = YES_ERROR;
				CLANG_WARN_DOCUMENTATION_COMMENTS = YES;
				CLANG_WARN_EMPTY_BODY = YES;
				CLANG_WARN_ENUM_CONVERSION = YES;
				CLANG_WARN_INFINITE_RECURSION = YES;
				CLANG_WARN_INT_CONVERSION = YES;
				CLANG_WARN_NON_LITERAL_NULL_CONVERSION = YES;
				CLANG_WARN_OBJC_IMPLICIT_RETAIN_SELF = YES;
				CLANG_WARN_OBJC_LITERAL_CONVERSION = YES;
				CLANG_WARN_OBJC_ROOT_CLASS = YES_ERROR;
				CLANG_WARN_QUOTED_INCLUDE_IN_FRAMEWORK_HEADER = YES;
				CLANG_WARN_RANGE_LOOP_ANALYSIS = YES;
				CLANG_WARN_STRICT_PROTOTYPES = YES;
				CLANG_WARN_SUSPICIOUS_MOVE = YES;
				CLANG_WARN_UNGUARDED_AVAILABILITY = YES_AGGRESSIVE;
				CLANG_WARN_UNREACHABLE_CODE = YES;
				CLANG_WARN__DUPLICATE_METHOD_MATCH = YES;
				COPY_PHASE_STRIP = NO;
				DEBUG_INFORMATION_FORMAT = "dwarf-with-dsym";
				ENABLE_NS_ASSERTIONS = NO;
				ENABLE_STRICT_OBJC_MSGSEND = YES;
				ENABLE_USER_SCRIPT_SANDBOXING = YES;
				GCC_C_LANGUAGE_STANDARD = gnu17;
				GCC_NO_COMMON_BLOCKS = YES;
				GCC_WARN_64_TO_32_BIT_CONVERSION = YES;
				GCC_WARN_ABOUT_RETURN_TYPE = YES_ERROR;
				GCC_WARN_UNDECLARED_SELECTOR = YES;
				GCC_WARN_UNINITIALIZED_AUTOS = YES_AGGRESSIVE;
				GCC_WARN_UNUSED_FUNCTION = YES;
				GCC_WARN_UNUSED_VARIABLE = YES;
				IPHONEOS_DEPLOYMENT_TARGET = 17.5;
				LOCALIZATION_PREFERS_STRING_CATALOGS = YES;
				MTL_ENABLE_DEBUG_INFO = NO;
				MTL_FAST_MATH = YES;
				SDKROOT = iphoneos;
				SWIFT_COMPILATION_MODE = wholemodule;
				VALIDATE_PRODUCT = YES;
			};
			name = Release;
		};
		6C338B962C7D7A7D00E182D2 /* Debug */ = {
			isa = XCBuildConfiguration;
			buildSettings = {
				ASSETCATALOG_COMPILER_APPICON_NAME = AppIcon;
				ASSETCATALOG_COMPILER_GLOBAL_ACCENT_COLOR_NAME = AccentColor;
				CODE_SIGN_STYLE = Automatic;
				CURRENT_PROJECT_VERSION = 1;
				DEVELOPMENT_TEAM = 9S8YS24U6S;
				GENERATE_INFOPLIST_FILE = YES;
				INFOPLIST_FILE = AirportFinder/Info.plist;
				INFOPLIST_KEY_UIApplicationSupportsIndirectInputEvents = YES;
				INFOPLIST_KEY_UILaunchStoryboardName = LaunchScreen;
				INFOPLIST_KEY_UIMainStoryboardFile = "";
				INFOPLIST_KEY_UISupportedInterfaceOrientations_iPad = "UIInterfaceOrientationPortrait UIInterfaceOrientationPortraitUpsideDown UIInterfaceOrientationLandscapeLeft UIInterfaceOrientationLandscapeRight";
				INFOPLIST_KEY_UISupportedInterfaceOrientations_iPhone = "UIInterfaceOrientationPortrait UIInterfaceOrientationLandscapeLeft UIInterfaceOrientationLandscapeRight";
				LD_RUNPATH_SEARCH_PATHS = (
					"$(inherited)",
					"@executable_path/Frameworks",
				);
				MARKETING_VERSION = 1.0;
				PRODUCT_BUNDLE_IDENTIFIER = com.Cas9Diego.AirportFinder;
				PRODUCT_NAME = "$(TARGET_NAME)";
				SWIFT_EMIT_LOC_STRINGS = YES;
				SWIFT_VERSION = 5.0;
				TARGETED_DEVICE_FAMILY = "1,2";
			};
			name = Debug;
		};
		6C338B972C7D7A7D00E182D2 /* Release */ = {
			isa = XCBuildConfiguration;
			buildSettings = {
				ASSETCATALOG_COMPILER_APPICON_NAME = AppIcon;
				ASSETCATALOG_COMPILER_GLOBAL_ACCENT_COLOR_NAME = AccentColor;
				CODE_SIGN_STYLE = Automatic;
				CURRENT_PROJECT_VERSION = 1;
				DEVELOPMENT_TEAM = 9S8YS24U6S;
				GENERATE_INFOPLIST_FILE = YES;
				INFOPLIST_FILE = AirportFinder/Info.plist;
				INFOPLIST_KEY_UIApplicationSupportsIndirectInputEvents = YES;
				INFOPLIST_KEY_UILaunchStoryboardName = LaunchScreen;
				INFOPLIST_KEY_UIMainStoryboardFile = "";
				INFOPLIST_KEY_UISupportedInterfaceOrientations_iPad = "UIInterfaceOrientationPortrait UIInterfaceOrientationPortraitUpsideDown UIInterfaceOrientationLandscapeLeft UIInterfaceOrientationLandscapeRight";
				INFOPLIST_KEY_UISupportedInterfaceOrientations_iPhone = "UIInterfaceOrientationPortrait UIInterfaceOrientationLandscapeLeft UIInterfaceOrientationLandscapeRight";
				LD_RUNPATH_SEARCH_PATHS = (
					"$(inherited)",
					"@executable_path/Frameworks",
				);
				MARKETING_VERSION = 1.0;
				PRODUCT_BUNDLE_IDENTIFIER = com.Cas9Diego.AirportFinder;
				PRODUCT_NAME = "$(TARGET_NAME)";
				SWIFT_EMIT_LOC_STRINGS = YES;
				SWIFT_VERSION = 5.0;
				TARGETED_DEVICE_FAMILY = "1,2";
			};
			name = Release;
		};
		6C338B992C7D7A7D00E182D2 /* Debug */ = {
			isa = XCBuildConfiguration;
			buildSettings = {
				ALWAYS_EMBED_SWIFT_STANDARD_LIBRARIES = YES;
				BUNDLE_LOADER = "$(TEST_HOST)";
				CODE_SIGN_STYLE = Automatic;
				CURRENT_PROJECT_VERSION = 1;
				DEVELOPMENT_TEAM = 9S8YS24U6S;
				GENERATE_INFOPLIST_FILE = YES;
				IPHONEOS_DEPLOYMENT_TARGET = 17.5;
				MARKETING_VERSION = 1.0;
				PRODUCT_BUNDLE_IDENTIFIER = com.Cas9Diego.AirportFinderTests;
				PRODUCT_NAME = "$(TARGET_NAME)";
				SWIFT_EMIT_LOC_STRINGS = NO;
				SWIFT_VERSION = 5.0;
				TARGETED_DEVICE_FAMILY = "1,2";
				TEST_HOST = "$(BUILT_PRODUCTS_DIR)/AirportFinder.app/$(BUNDLE_EXECUTABLE_FOLDER_PATH)/AirportFinder";
			};
			name = Debug;
		};
		6C338B9A2C7D7A7D00E182D2 /* Release */ = {
			isa = XCBuildConfiguration;
			buildSettings = {
				ALWAYS_EMBED_SWIFT_STANDARD_LIBRARIES = YES;
				BUNDLE_LOADER = "$(TEST_HOST)";
				CODE_SIGN_STYLE = Automatic;
				CURRENT_PROJECT_VERSION = 1;
				DEVELOPMENT_TEAM = 9S8YS24U6S;
				GENERATE_INFOPLIST_FILE = YES;
				IPHONEOS_DEPLOYMENT_TARGET = 17.5;
				MARKETING_VERSION = 1.0;
				PRODUCT_BUNDLE_IDENTIFIER = com.Cas9Diego.AirportFinderTests;
				PRODUCT_NAME = "$(TARGET_NAME)";
				SWIFT_EMIT_LOC_STRINGS = NO;
				SWIFT_VERSION = 5.0;
				TARGETED_DEVICE_FAMILY = "1,2";
				TEST_HOST = "$(BUILT_PRODUCTS_DIR)/AirportFinder.app/$(BUNDLE_EXECUTABLE_FOLDER_PATH)/AirportFinder";
			};
			name = Release;
		};
		6C338B9C2C7D7A7D00E182D2 /* Debug */ = {
			isa = XCBuildConfiguration;
			buildSettings = {
				ALWAYS_EMBED_SWIFT_STANDARD_LIBRARIES = YES;
				CODE_SIGN_STYLE = Automatic;
				CURRENT_PROJECT_VERSION = 1;
				DEVELOPMENT_TEAM = 9S8YS24U6S;
				GENERATE_INFOPLIST_FILE = YES;
				MARKETING_VERSION = 1.0;
				PRODUCT_BUNDLE_IDENTIFIER = com.Cas9Diego.AirportFinderUITests;
				PRODUCT_NAME = "$(TARGET_NAME)";
				SWIFT_EMIT_LOC_STRINGS = NO;
				SWIFT_VERSION = 5.0;
				TARGETED_DEVICE_FAMILY = "1,2";
				TEST_TARGET_NAME = AirportFinder;
			};
			name = Debug;
		};
		6C338B9D2C7D7A7D00E182D2 /* Release */ = {
			isa = XCBuildConfiguration;
			buildSettings = {
				ALWAYS_EMBED_SWIFT_STANDARD_LIBRARIES = YES;
				CODE_SIGN_STYLE = Automatic;
				CURRENT_PROJECT_VERSION = 1;
				DEVELOPMENT_TEAM = 9S8YS24U6S;
				GENERATE_INFOPLIST_FILE = YES;
				MARKETING_VERSION = 1.0;
				PRODUCT_BUNDLE_IDENTIFIER = com.Cas9Diego.AirportFinderUITests;
				PRODUCT_NAME = "$(TARGET_NAME)";
				SWIFT_EMIT_LOC_STRINGS = NO;
				SWIFT_VERSION = 5.0;
				TARGETED_DEVICE_FAMILY = "1,2";
				TEST_TARGET_NAME = AirportFinder;
			};
			name = Release;
		};
/* End XCBuildConfiguration section */

/* Begin XCConfigurationList section */
		6C338B662C7D7A7B00E182D2 /* Build configuration list for PBXProject "AirportFinder" */ = {
			isa = XCConfigurationList;
			buildConfigurations = (
				6C338B932C7D7A7D00E182D2 /* Debug */,
				6C338B942C7D7A7D00E182D2 /* Release */,
			);
			defaultConfigurationIsVisible = 0;
			defaultConfigurationName = Release;
		};
		6C338B952C7D7A7D00E182D2 /* Build configuration list for PBXNativeTarget "AirportFinder" */ = {
			isa = XCConfigurationList;
			buildConfigurations = (
				6C338B962C7D7A7D00E182D2 /* Debug */,
				6C338B972C7D7A7D00E182D2 /* Release */,
			);
			defaultConfigurationIsVisible = 0;
			defaultConfigurationName = Release;
		};
		6C338B982C7D7A7D00E182D2 /* Build configuration list for PBXNativeTarget "AirportFinderTests" */ = {
			isa = XCConfigurationList;
			buildConfigurations = (
				6C338B992C7D7A7D00E182D2 /* Debug */,
				6C338B9A2C7D7A7D00E182D2 /* Release */,
			);
			defaultConfigurationIsVisible = 0;
			defaultConfigurationName = Release;
		};
		6C338B9B2C7D7A7D00E182D2 /* Build configuration list for PBXNativeTarget "AirportFinderUITests" */ = {
			isa = XCConfigurationList;
			buildConfigurations = (
				6C338B9C2C7D7A7D00E182D2 /* Debug */,
				6C338B9D2C7D7A7D00E182D2 /* Release */,
			);
			defaultConfigurationIsVisible = 0;
			defaultConfigurationName = Release;
		};
/* End XCConfigurationList section */
	};
	rootObject = 6C338B632C7D7A7B00E182D2 /* Project object */;
}
